{
    "_meta": {
        "hash": {
            "sha256": "72505d1540edf3c854f13a4b18151f38adb9a239be3f9ec4087b5821fd75d15c"
        },
        "pipfile-spec": 6,
        "requires": {
            "python_version": "3.8"
        },
        "sources": [
            {
                "name": "pypi",
                "url": "https://pypi.python.org/simple",
                "verify_ssl": true
            }
        ]
    },
    "default": {
        "networkscan": {
            "hashes": [
                "sha256:07344e5e5b2d7afaf5703c0ea475d33a9d3b568f23e2cc3611ffa957e4cc91b9"
            ],
            "index": "pypi",
            "version": "==1.0.9"
        }
    },
    "develop": {}
}
